Microsoft Visual Studio Solution File, Format Version 11.00
# Visual Studio 2008

Project("{EC6CED62-8B8B-643D-5947-4E1814CB968F}") = "platformerhw", "Assembly-CSharp.csproj", "{CE1995D3-9A72-0000-AA33-7E8F16B68018}"
EndProject
Global
	GlobalSection(SolutionConfigurationPlatforms) = preSolution
		Debug|Any CPU = Debug|Any CPU
		Release|Any CPU = Release|Any CPU
	EndGlobalSection
	GlobalSection(ProjectConfigurationPlatforms) = postSolution
		{CE1995D3-9A72-0000-AA33-7E8F16B68018}.Debug|Any CPU.ActiveCfg = Debug|Any CPU
		{CE1995D3-9A72-0000-AA33-7E8F16B68018}.Debug|Any CPU.Build.0 = Debug|Any CPU
		{CE1995D3-9A72-0000-AA33-7E8F16B68018}.Release|Any CPU.ActiveCfg = Release|Any CPU
		{CE1995D3-9A72-0000-AA33-7E8F16B68018}.Release|Any CPU.Build.0 = Release|Any CPU
	EndGlobalSection
	GlobalSection(SolutionProperties) = preSolution
		HideSolutionNode = FALSE
	EndGlobalSection
				GlobalSection(MonoDevelopProperties) = preSolution
		StartupItem = Assembly-CSharp.csproj
		Policies = $0
		$0.TextStylePolicy = $1
		$1.inheritsSet = null
		$1.scope = text/x-csharp
		$0.CSharpFormattingPolicy = $2
		$2.inheritsSet = Mono
		$2.inheritsScope = text/x-csharp
		$2.scope = text/x-csharp
		$0.TextStylePolicy = $3
		$3.FileWidth = 120
		$3.TabWidth = 4
		$3.EolMarker = Unix
		$3.inheritsSet = Mono
		$3.inheritsScope = text/plain
		$3.scope = text/plain
	EndGlobalSection

EndGlobal
